
Microsoft Visual Studio Solution File, Format Version 12.00
Project("{FAE04EC0-301F-11D3-BF4B-00C04F79EFBC}") = "Asv.Drones.Gbs", "Asv.Drones.Gbs\Asv.Drones.Gbs.csproj", "{AD205384-0835-4DE9-A3F1-46FD9145ACFA}"
EndProject
Project("{2150E333-8FDC-42A3-9474-1A3956D46DE8}") = "Plugin", "Plugin", "{08014F0A-0972-4E73-93F4-7DF08F3ED5EC}"
EndProject
Project("{FAE04EC0-301F-11D3-BF4B-00C04F79EFBC}") = "Asv.Drones.Plugin.Gbs", "Asv.Drones.Plugin.Gbs\Asv.Drones.Plugin.Gbs.csproj", "{F86E494E-AF6B-439F-98E5-F8D584C8C9E7}"
EndProject
Project("{FAE04EC0-301F-11D3-BF4B-00C04F79EFBC}") = "Asv.Drones.Plugin.Gbs.App", "Asv.Drones.Plugin.Gbs.App\Asv.Drones.Plugin.Gbs.App.csproj", "{D60E7D00-4C0F-4AC8-9FDA-8C08B952BA68}"
EndProject
Project("{2150E333-8FDC-42A3-9474-1A3956D46DE8}") = "Solution Items", "Solution Items", "{7EFFDE76-4C6C-429D-8420-B7C5168E910D}"
	ProjectSection(SolutionItems) = preProject
		..\.gitignore = ..\.gitignore
		..\LICENSE = ..\LICENSE
		..\README.md = ..\README.md
		Directory.Build.props = Directory.Build.props
		.run\GUI(Linux-macOS).run.xml = .run\GUI(Linux-macOS).run.xml
		.run\GUI(Windows).run.xml = .run\GUI(Windows).run.xml
		.run\Service.run.xml = .run\Service.run.xml
		.run\GUI+Service.run.xml = .run\GUI+Service.run.xml
		.run\App.run.xml = .run\App.run.xml
		.run\App+Service.run.xml = .run\App+Service.run.xml
		..\.github\workflows\deploy-plugin-nuget.yml = ..\.github\workflows\deploy-plugin-nuget.yml
		..\.github\workflows\deploy-plugin-dev-nuget.yml = ..\.github\workflows\deploy-plugin-dev-nuget.yml
	EndProjectSection
EndProject
Project("{FAE04EC0-301F-11D3-BF4B-00C04F79EFBC}") = "Asv.Drones.Gbs.Contracts", "Asv.Drones.Gbs.Contracts\Asv.Drones.Gbs.Contracts.csproj", "{14D93A1F-9908-4857-83A9-7E8B3C22475D}"
EndProject
Project("{FAE04EC0-301F-11D3-BF4B-00C04F79EFBC}") = "Asv.Drones.Gbs.Tests", "Asv.Drones.Gbs.Tests\Asv.Drones.Gbs.Tests.csproj", "{C0A9F0AE-8F53-4B8F-A31D-A9E46E31AC6B}"
EndProject
Global
	GlobalSection(SolutionConfigurationPlatforms) = preSolution
		Debug|Any CPU = Debug|Any CPU
		Release|Any CPU = Release|Any CPU
	EndGlobalSection
	GlobalSection(ProjectConfigurationPlatforms) = postSolution
		{AD205384-0835-4DE9-A3F1-46FD9145ACFA}.Debug|Any CPU.ActiveCfg = Debug|Any CPU
		{AD205384-0835-4DE9-A3F1-46FD9145ACFA}.Debug|Any CPU.Build.0 = Debug|Any CPU
		{AD205384-0835-4DE9-A3F1-46FD9145ACFA}.Release|Any CPU.ActiveCfg = Release|Any CPU
		{AD205384-0835-4DE9-A3F1-46FD9145ACFA}.Release|Any CPU.Build.0 = Release|Any CPU
		{F86E494E-AF6B-439F-98E5-F8D584C8C9E7}.Debug|Any CPU.ActiveCfg = Debug|Any CPU
		{F86E494E-AF6B-439F-98E5-F8D584C8C9E7}.Debug|Any CPU.Build.0 = Debug|Any CPU
		{F86E494E-AF6B-439F-98E5-F8D584C8C9E7}.Release|Any CPU.ActiveCfg = Release|Any CPU
		{F86E494E-AF6B-439F-98E5-F8D584C8C9E7}.Release|Any CPU.Build.0 = Release|Any CPU
		{D60E7D00-4C0F-4AC8-9FDA-8C08B952BA68}.Debug|Any CPU.ActiveCfg = Debug|Any CPU
		{D60E7D00-4C0F-4AC8-9FDA-8C08B952BA68}.Debug|Any CPU.Build.0 = Debug|Any CPU
		{D60E7D00-4C0F-4AC8-9FDA-8C08B952BA68}.Release|Any CPU.ActiveCfg = Release|Any CPU
		{D60E7D00-4C0F-4AC8-9FDA-8C08B952BA68}.Release|Any CPU.Build.0 = Release|Any CPU
		{14D93A1F-9908-4857-83A9-7E8B3C22475D}.Debug|Any CPU.ActiveCfg = Debug|Any CPU
		{14D93A1F-9908-4857-83A9-7E8B3C22475D}.Debug|Any CPU.Build.0 = Debug|Any CPU
		{14D93A1F-9908-4857-83A9-7E8B3C22475D}.Release|Any CPU.ActiveCfg = Release|Any CPU
		{14D93A1F-9908-4857-83A9-7E8B3C22475D}.Release|Any CPU.Build.0 = Release|Any CPU
		{C0A9F0AE-8F53-4B8F-A31D-A9E46E31AC6B}.Debug|Any CPU.ActiveCfg = Debug|Any CPU
		{C0A9F0AE-8F53-4B8F-A31D-A9E46E31AC6B}.Debug|Any CPU.Build.0 = Debug|Any CPU
		{C0A9F0AE-8F53-4B8F-A31D-A9E46E31AC6B}.Release|Any CPU.ActiveCfg = Release|Any CPU
		{C0A9F0AE-8F53-4B8F-A31D-A9E46E31AC6B}.Release|Any CPU.Build.0 = Release|Any CPU
	EndGlobalSection
	GlobalSection(NestedProjects) = preSolution
		{F86E494E-AF6B-439F-98E5-F8D584C8C9E7} = {08014F0A-0972-4E73-93F4-7DF08F3ED5EC}
		{D60E7D00-4C0F-4AC8-9FDA-8C08B952BA68} = {08014F0A-0972-4E73-93F4-7DF08F3ED5EC}
	EndGlobalSection
EndGlobal
